# This file is autogenerated, do not edit; changes may be undone by the next 'dep ensure'.


[[projects]]
  branch = "master"
  name = "github.com/gopherjs/gopherjs"
  packages = ["js"]
  revision = "444abdf920945de5d4a977b572bcc6c674d1e4eb"

[[projects]]
  branch = "master"
  name = "honnef.co/go/js/dom"
  packages = ["."]
  revision = "2366b08c153b485d0eda128eff753a0767381ecb"

[solve-meta]
  analyzer-name = "dep"
  analyzer-version = 1
  inputs-digest = "ea8f5b5d1e17db1c479d558ede1efe9c8a6208b0ca110782b8c61a354be43d11"
  solver-name = "gps-cdcl"
  solver-version = 1
